
Microsoft Visual Studio Solution File, Format Version 12.00
# Visual Studio Version 17
VisualStudioVersion = 17.3.32922.545
MinimumVisualStudioVersion = 10.0.40219.1
Project("{8BC9CEB8-8B4A-11D0-8D11-00A0C91BC942}") = "QtKoeWare", "QtKoeWare\QtKoeWare.vcxproj", "{CD921996-AF62-4551-83D2-33A60F039C1C}"
EndProject
Global
	GlobalSection(SolutionConfigurationPlatforms) = preSolution
		Debug|x64 = Debug|x64
		Release|x64 = Release|x64
	EndGlobalSection
	GlobalSection(ProjectConfigurationPlatforms) = postSolution
		{CD921996-AF62-4551-83D2-33A60F039C1C}.Debug|x64.ActiveCfg = Debug|x64
		{CD921996-AF62-4551-83D2-33A60F039C1C}.Debug|x64.Build.0 = Debug|x64
		{CD921996-AF62-4551-83D2-33A60F039C1C}.Release|x64.ActiveCfg = Release|x64
		{CD921996-AF62-4551-83D2-33A60F039C1C}.Release|x64.Build.0 = Release|x64
	EndGlobalSection
	GlobalSection(SolutionProperties) = preSolution
		HideSolutionNode = FALSE
	EndGlobalSection
	GlobalSection(ExtensibilityGlobals) = postSolution
		SolutionGuid = {7746237B-961D-4FD5-AD1F-B935B5FF490D}
	EndGlobalSection
EndGlobal
